
Microsoft Visual Studio Solution File, Format Version 12.00
# Visual Studio Version 16
VisualStudioVersion = 16.0.31025.194
MinimumVisualStudioVersion = 10.0.40219.1
Project("{9A19103F-16F7-4668-BE54-9A1E7A4F7556}") = "NOM.WS.DATOSEMPLEADO.BE", "WebApi\NOM.WS.DATOSEMPLEADO.BE.csproj", "{676F3B1A-E428-4BCE-9C4B-88FF529E65A2}"
EndProject
Global
	GlobalSection(SolutionConfigurationPlatforms) = preSolution
		Debug|Any CPU = Debug|Any CPU
		Release|Any CPU = Release|Any CPU
	EndGlobalSection
	GlobalSection(ProjectConfigurationPlatforms) = postSolution
		{676F3B1A-E428-4BCE-9C4B-88FF529E65A2}.Debug|Any CPU.ActiveCfg = Debug|Any CPU
		{676F3B1A-E428-4BCE-9C4B-88FF529E65A2}.Debug|Any CPU.Build.0 = Debug|Any CPU
		{676F3B1A-E428-4BCE-9C4B-88FF529E65A2}.Release|Any CPU.ActiveCfg = Release|Any CPU
		{676F3B1A-E428-4BCE-9C4B-88FF529E65A2}.Release|Any CPU.Build.0 = Release|Any CPU
	EndGlobalSection
	GlobalSection(SolutionProperties) = preSolution
		HideSolutionNode = FALSE
	EndGlobalSection
	GlobalSection(ExtensibilityGlobals) = postSolution
		SolutionGuid = {E5058CDB-77DF-4C03-9094-E1CA98AE4705}
	EndGlobalSection
EndGlobal
